{
  "name": "my-cc-config",
  "version": "0.1.0",
  "lockfileVersion": 3,
  "requires": true,
  "packages": {
    "": {
      "name": "my-cc-config",
      "version": "0.1.0",
      "dependencies": {
        "claude-code-subagent-models": "file:../claude-code-subagent-models"
      }
    },
    "../claude-code-subagent-models": {
      "version": "0.1.0",
      "license": "MIT",
      "bin": {
        "cc-router": "patch.mjs"
      }
    },
    "node_modules/claude-code-subagent-models": {
      "resolved": "../claude-code-subagent-models",
      "link": true
    }
  }
}
